// !$*UTF8*$!
{
	archiveVersion = 1;
	classes = {
	};
	objectVersion = 77;
	objects = {

/* Begin PBXBuildFile section */
		4E77F1FD2CD4B23C0051578D /* NavigatorView.swift in Sources */ = {isa = PBXBuildFile; fileRef = 4E77F1FC2CD4B23C0051578D /* NavigatorView.swift */; };
		4E77F1FF2CD4B2560051578D /* TabItem.swift in Sources */ = {isa = PBXBuildFile; fileRef = 4E77F1FE2CD4B2540051578D /* TabItem.swift */; };
		4E77F2012CD4B2E20051578D /* AuthorListView.swift in Sources */ = {isa = PBXBuildFile; fileRef = 4E77F2002CD4B2E20051578D /* AuthorListView.swift */; };
		4E77F2032CD4B4590051578D /* Author.swift in Sources */ = {isa = PBXBuildFile; fileRef = 4E77F2022CD4B4580051578D /* Author.swift */; };
		4E77F2062CD4B6860051578D /* CategoryGridView.swift in Sources */ = {isa = PBXBuildFile; fileRef = 4E77F2052CD4B6860051578D /* CategoryGridView.swift */; };
		4E77F20B2CD4B7670051578D /* CategoryView.swift in Sources */ = {isa = PBXBuildFile; fileRef = 4E77F20A2CD4B7670051578D /* CategoryView.swift */; };
		4E77F2112CD4BA0F0051578D /* CategoryDetailView.swift in Sources */ = {isa = PBXBuildFile; fileRef = 4E77F2102CD4BA0F0051578D /* CategoryDetailView.swift */; };
		4E77F2132CD4BBCA0051578D /* Category.swift in Sources */ = {isa = PBXBuildFile; fileRef = 4E77F2122CD4BBCA0051578D /* Category.swift */; };
		4E77F2182CD4C0260051578D /* AuthorDetailView.swift in Sources */ = {isa = PBXBuildFile; fileRef = 4E77F2172CD4C0260051578D /* AuthorDetailView.swift */; };
		4E77F21B2CD4D8CC0051578D /* InspirationView.swift in Sources */ = {isa = PBXBuildFile; fileRef = 4E77F21A2CD4D8CC0051578D /* InspirationView.swift */; };
		4E77F21D2CD4DE8B0051578D /* UnsplashImage.swift in Sources */ = {isa = PBXBuildFile; fileRef = 4E77F21C2CD4DE890051578D /* UnsplashImage.swift */; };
		4E77F2202CD4DFAE0051578D /* ImagesColumView.swift in Sources */ = {isa = PBXBuildFile; fileRef = 4E77F21F2CD4DFAE0051578D /* ImagesColumView.swift */; };
		4E77F2222CD4E4900051578D /* APIKeys.swift in Sources */ = {isa = PBXBuildFile; fileRef = 4E77F2212CD4E48F0051578D /* APIKeys.swift */; };
		4EBFFE822CC243D600474B90 /* Preview Assets.xcassets in Resources */ = {isa = PBXBuildFile; fileRef = 4EBFFE7C2CC243D600474B90 /* Preview Assets.xcassets */; };
		4EBFFE832CC243D600474B90 /* Assets.xcassets in Resources */ = {isa = PBXBuildFile; fileRef = 4EBFFE7E2CC243D600474B90 /* Assets.xcassets */; };
		4EBFFE852CC243D600474B90 /* QuotelyApp.swift in Sources */ = {isa = PBXBuildFile; fileRef = 4EBFFE802CC243D600474B90 /* QuotelyApp.swift */; };
		4EBFFE892CC2440800474B90 /* QuoteView.swift in Sources */ = {isa = PBXBuildFile; fileRef = 4EBFFE882CC2440800474B90 /* QuoteView.swift */; };
		4EBFFE8B2CC2443F00474B90 /* Quote.swift in Sources */ = {isa = PBXBuildFile; fileRef = 4EBFFE8A2CC2443F00474B90 /* Quote.swift */; };
		4EBFFE902CC2494B00474B90 /* UpdateButton.swift in Sources */ = {isa = PBXBuildFile; fileRef = 4EBFFE8F2CC2494B00474B90 /* UpdateButton.swift */; };
		4EBFFE932CC2496700474B90 /* QuoteDetailView.swift in Sources */ = {isa = PBXBuildFile; fileRef = 4EBFFE922CC2496700474B90 /* QuoteDetailView.swift */; };
		4EBFFE972CC249F900474B90 /* HTTPError.swift in Sources */ = {isa = PBXBuildFile; fileRef = 4EBFFE962CC249F900474B90 /* HTTPError.swift */; };
/* End PBXBuildFile section */

/* Begin PBXFileReference section */
		4E77F1FC2CD4B23C0051578D /* NavigatorView.swift */ = {isa = PBXFileReference; lastKnownFileType = sourcecode.swift; path = NavigatorView.swift; sourceTree = "<group>"; };
		4E77F1FE2CD4B2540051578D /* TabItem.swift */ = {isa = PBXFileReference; lastKnownFileType = sourcecode.swift; path = TabItem.swift; sourceTree = "<group>"; };
		4E77F2002CD4B2E20051578D /* AuthorListView.swift */ = {isa = PBXFileReference; lastKnownFileType = sourcecode.swift; path = AuthorListView.swift; sourceTree = "<group>"; };
		4E77F2022CD4B4580051578D /* Author.swift */ = {isa = PBXFileReference; lastKnownFileType = sourcecode.swift; path = Author.swift; sourceTree = "<group>"; };
		4E77F2052CD4B6860051578D /* CategoryGridView.swift */ = {isa = PBXFileReference; lastKnownFileType = sourcecode.swift; path = CategoryGridView.swift; sourceTree = "<group>"; };
		4E77F20A2CD4B7670051578D /* CategoryView.swift */ = {isa = PBXFileReference; lastKnownFileType = sourcecode.swift; path = CategoryView.swift; sourceTree = "<group>"; };
		4E77F2102CD4BA0F0051578D /* CategoryDetailView.swift */ = {isa = PBXFileReference; lastKnownFileType = sourcecode.swift; path = CategoryDetailView.swift; sourceTree = "<group>"; };
		4E77F2122CD4BBCA0051578D /* Category.swift */ = {isa = PBXFileReference; lastKnownFileType = sourcecode.swift; path = Category.swift; sourceTree = "<group>"; };
		4E77F2172CD4C0260051578D /* AuthorDetailView.swift */ = {isa = PBXFileReference; lastKnownFileType = sourcecode.swift; path = AuthorDetailView.swift; sourceTree = "<group>"; };
		4E77F21A2CD4D8CC0051578D /* InspirationView.swift */ = {isa = PBXFileReference; lastKnownFileType = sourcecode.swift; path = InspirationView.swift; sourceTree = "<group>"; };
		4E77F21C2CD4DE890051578D /* UnsplashImage.swift */ = {isa = PBXFileReference; lastKnownFileType = sourcecode.swift; path = UnsplashImage.swift; sourceTree = "<group>"; };
		4E77F21F2CD4DFAE0051578D /* ImagesColumView.swift */ = {isa = PBXFileReference; lastKnownFileType = sourcecode.swift; path = ImagesColumView.swift; sourceTree = "<group>"; };
		4E77F2212CD4E48F0051578D /* APIKeys.swift */ = {isa = PBXFileReference; lastKnownFileType = sourcecode.swift; path = APIKeys.swift; sourceTree = "<group>"; };
		4EBFFE622CC243B400474B90 /* Quotely.app */ = {isa = PBXFileReference; explicitFileType = wrapper.application; includeInIndex = 0; path = Quotely.app; sourceTree = BUILT_PRODUCTS_DIR; };
		4EBFFE7C2CC243D600474B90 /* Preview Assets.xcassets */ = {isa = PBXFileReference; lastKnownFileType = folder.assetcatalog; path = "Preview Assets.xcassets"; sourceTree = "<group>"; };
		4EBFFE7E2CC243D600474B90 /* Assets.xcassets */ = {isa = PBXFileReference; lastKnownFileType = folder.assetcatalog; path = Assets.xcassets; sourceTree = "<group>"; };
		4EBFFE802CC243D600474B90 /* QuotelyApp.swift */ = {isa = PBXFileReference; lastKnownFileType = sourcecode.swift; path = QuotelyApp.swift; sourceTree = "<group>"; };
		4EBFFE882CC2440800474B90 /* QuoteView.swift */ = {isa = PBXFileReference; lastKnownFileType = sourcecode.swift; path = QuoteView.swift; sourceTree = "<group>"; };
		4EBFFE8A2CC2443F00474B90 /* Quote.swift */ = {isa = PBXFileReference; lastKnownFileType = sourcecode.swift; path = Quote.swift; sourceTree = "<group>"; };
		4EBFFE8F2CC2494B00474B90 /* UpdateButton.swift */ = {isa = PBXFileReference; lastKnownFileType = sourcecode.swift; path = UpdateButton.swift; sourceTree = "<group>"; };
		4EBFFE922CC2496700474B90 /* QuoteDetailView.swift */ = {isa = PBXFileReference; lastKnownFileType = sourcecode.swift; path = QuoteDetailView.swift; sourceTree = "<group>"; };
		4EBFFE962CC249F900474B90 /* HTTPError.swift */ = {isa = PBXFileReference; lastKnownFileType = sourcecode.swift; path = HTTPError.swift; sourceTree = "<group>"; };
		4EBFFE982CC24CA700474B90 /* Info.plist */ = {isa = PBXFileReference; lastKnownFileType = text.plist; path = Info.plist; sourceTree = "<group>"; };
/* End PBXFileReference section */

/* Begin PBXFrameworksBuildPhase section */
		4EBFFE5F2CC243B400474B90 /* Frameworks */ = {
			isa = PBXFrameworksBuildPhase;
			buildActionMask = 2147483647;
			files = (
			);
			runOnlyForDeploymentPostprocessing = 0;
		};
/* End PBXFrameworksBuildPhase section */

/* Begin PBXGroup section */
		4E77F1FB2CD4B22E0051578D /* Authors */ = {
			isa = PBXGroup;
			children = (
				4E77F2152CD4C00D0051578D /* List */,
				4E77F2162CD4C0150051578D /* Details */,
			);
			path = Authors;
			sourceTree = "<group>";
		};
		4E77F2042CD4B67B0051578D /* Categories */ = {
			isa = PBXGroup;
			children = (
				4E77F20E2CD4B9FB0051578D /* Grid */,
				4E77F20F2CD4BA050051578D /* Details */,
			);
			path = Categories;
			sourceTree = "<group>";
		};
		4E77F2092CD4B75C0051578D /* Subviews */ = {
			isa = PBXGroup;
			children = (
				4E77F20A2CD4B7670051578D /* CategoryView.swift */,
			);
			path = Subviews;
			sourceTree = "<group>";
		};
		4E77F20E2CD4B9FB0051578D /* Grid */ = {
			isa = PBXGroup;
			children = (
				4E77F2052CD4B6860051578D /* CategoryGridView.swift */,
				4E77F2092CD4B75C0051578D /* Subviews */,
			);
			path = Grid;
			sourceTree = "<group>";
		};
		4E77F20F2CD4BA050051578D /* Details */ = {
			isa = PBXGroup;
			children = (
				4E77F2102CD4BA0F0051578D /* CategoryDetailView.swift */,
			);
			path = Details;
			sourceTree = "<group>";
		};
		4E77F2152CD4C00D0051578D /* List */ = {
			isa = PBXGroup;
			children = (
				4E77F2002CD4B2E20051578D /* AuthorListView.swift */,
			);
			path = List;
			sourceTree = "<group>";
		};
		4E77F2162CD4C0150051578D /* Details */ = {
			isa = PBXGroup;
			children = (
				4E77F2172CD4C0260051578D /* AuthorDetailView.swift */,
			);
			path = Details;
			sourceTree = "<group>";
		};
		4E77F2192CD4D8A30051578D /* Inspiration */ = {
			isa = PBXGroup;
			children = (
				4E77F21A2CD4D8CC0051578D /* InspirationView.swift */,
				4E77F21E2CD4DFA40051578D /* Subviews */,
			);
			path = Inspiration;
			sourceTree = "<group>";
		};
		4E77F21E2CD4DFA40051578D /* Subviews */ = {
			isa = PBXGroup;
			children = (
				4E77F21F2CD4DFAE0051578D /* ImagesColumView.swift */,
			);
			path = Subviews;
			sourceTree = "<group>";
		};
		4EBFFE592CC243B400474B90 = {
			isa = PBXGroup;
			children = (
				4EBFFE812CC243D600474B90 /* Quotely */,
				4EBFFE632CC243B400474B90 /* Products */,
			);
			sourceTree = "<group>";
		};
		4EBFFE632CC243B400474B90 /* Products */ = {
			isa = PBXGroup;
			children = (
				4EBFFE622CC243B400474B90 /* Quotely.app */,
			);
			name = Products;
			sourceTree = "<group>";
		};
		4EBFFE7D2CC243D600474B90 /* Preview Content */ = {
			isa = PBXGroup;
			children = (
				4EBFFE7C2CC243D600474B90 /* Preview Assets.xcassets */,
			);
			path = "Preview Content";
			sourceTree = "<group>";
		};
		4EBFFE812CC243D600474B90 /* Quotely */ = {
			isa = PBXGroup;
			children = (
				4EBFFE982CC24CA700474B90 /* Info.plist */,
				4EBFFE7E2CC243D600474B90 /* Assets.xcassets */,
				4EBFFE802CC243D600474B90 /* QuotelyApp.swift */,
				4EBFFE872CC243F300474B90 /* Models */,
				4EBFFE862CC243EF00474B90 /* Views */,
				4EBFFE942CC249EC00474B90 /* Utilities */,
				4EBFFE7D2CC243D600474B90 /* Preview Content */,
			);
			path = Quotely;
			sourceTree = "<group>";
		};
		4EBFFE862CC243EF00474B90 /* Views */ = {
			isa = PBXGroup;
			children = (
				4E77F1FC2CD4B23C0051578D /* NavigatorView.swift */,
				4EBFFE8E2CC2493300474B90 /* Quote */,
				4E77F1FB2CD4B22E0051578D /* Authors */,
				4E77F2042CD4B67B0051578D /* Categories */,
				4E77F2192CD4D8A30051578D /* Inspiration */,
			);
			path = Views;
			sourceTree = "<group>";
		};
		4EBFFE872CC243F300474B90 /* Models */ = {
			isa = PBXGroup;
			children = (
				4EBFFE8A2CC2443F00474B90 /* Quote.swift */,
				4E77F2022CD4B4580051578D /* Author.swift */,
				4E77F21C2CD4DE890051578D /* UnsplashImage.swift */,
			);
			path = Models;
			sourceTree = "<group>";
		};
		4EBFFE8D2CC2492F00474B90 /* Subviews */ = {
			isa = PBXGroup;
			children = (
				4EBFFE922CC2496700474B90 /* QuoteDetailView.swift */,
				4EBFFE8F2CC2494B00474B90 /* UpdateButton.swift */,
			);
			path = Subviews;
			sourceTree = "<group>";
		};
		4EBFFE8E2CC2493300474B90 /* Quote */ = {
			isa = PBXGroup;
			children = (
				4EBFFE882CC2440800474B90 /* QuoteView.swift */,
				4EBFFE8D2CC2492F00474B90 /* Subviews */,
			);
			path = Quote;
			sourceTree = "<group>";
		};
		4EBFFE942CC249EC00474B90 /* Utilities */ = {
			isa = PBXGroup;
			children = (
				4E77F2212CD4E48F0051578D /* APIKeys.swift */,
				4EBFFE952CC249F000474B90 /* Enums */,
			);
			path = Utilities;
			sourceTree = "<group>";
		};
		4EBFFE952CC249F000474B90 /* Enums */ = {
			isa = PBXGroup;
			children = (
				4E77F2122CD4BBCA0051578D /* Category.swift */,
				4EBFFE962CC249F900474B90 /* HTTPError.swift */,
				4E77F1FE2CD4B2540051578D /* TabItem.swift */,
			);
			path = Enums;
			sourceTree = "<group>";
		};
/* End PBXGroup section */

/* Begin PBXNativeTarget section */
		4EBFFE612CC243B400474B90 /* Quotely */ = {
			isa = PBXNativeTarget;
			buildConfigurationList = 4EBFFE702CC243B500474B90 /* Build configuration list for PBXNativeTarget "Quotely" */;
			buildPhases = (
				4EBFFE5E2CC243B400474B90 /* Sources */,
				4EBFFE5F2CC243B400474B90 /* Frameworks */,
				4EBFFE602CC243B400474B90 /* Resources */,
			);
			buildRules = (
			);
			dependencies = (
			);
			name = Quotely;
			packageProductDependencies = (
			);
			productName = Quotely;
			productReference = 4EBFFE622CC243B400474B90 /* Quotely.app */;
			productType = "com.apple.product-type.application";
		};
/* End PBXNativeTarget section */

/* Begin PBXProject section */
		4EBFFE5A2CC243B400474B90 /* Project object */ = {
			isa = PBXProject;
			attributes = {
				BuildIndependentTargetsInParallel = 1;
				LastSwiftUpdateCheck = 1600;
				LastUpgradeCheck = 1600;
				TargetAttributes = {
					4EBFFE612CC243B400474B90 = {
						CreatedOnToolsVersion = 16.0;
					};
				};
			};
			buildConfigurationList = 4EBFFE5D2CC243B400474B90 /* Build configuration list for PBXProject "Quotely" */;
			developmentRegion = en;
			hasScannedForEncodings = 0;
			knownRegions = (
				en,
				Base,
			);
			mainGroup = 4EBFFE592CC243B400474B90;
			minimizedProjectReferenceProxies = 1;
			preferredProjectObjectVersion = 77;
			productRefGroup = 4EBFFE632CC243B400474B90 /* Products */;
			projectDirPath = "";
			projectRoot = "";
			targets = (
				4EBFFE612CC243B400474B90 /* Quotely */,
			);
		};
/* End PBXProject section */

/* Begin PBXResourcesBuildPhase section */
		4EBFFE602CC243B400474B90 /* Resources */ = {
			isa = PBXResourcesBuildPhase;
			buildActionMask = 2147483647;
			files = (
				4EBFFE822CC243D600474B90 /* Preview Assets.xcassets in Resources */,
				4EBFFE832CC243D600474B90 /* Assets.xcassets in Resources */,
			);
			runOnlyForDeploymentPostprocessing = 0;
		};
/* End PBXResourcesBuildPhase section */

/* Begin PBXSourcesBuildPhase section */
		4EBFFE5E2CC243B400474B90 /* Sources */ = {
			isa = PBXSourcesBuildPhase;
			buildActionMask = 2147483647;
			files = (
				4E77F2012CD4B2E20051578D /* AuthorListView.swift in Sources */,
				4EBFFE902CC2494B00474B90 /* UpdateButton.swift in Sources */,
				4E77F20B2CD4B7670051578D /* CategoryView.swift in Sources */,
				4EBFFE892CC2440800474B90 /* QuoteView.swift in Sources */,
				4EBFFE8B2CC2443F00474B90 /* Quote.swift in Sources */,
				4E77F2202CD4DFAE0051578D /* ImagesColumView.swift in Sources */,
				4E77F2032CD4B4590051578D /* Author.swift in Sources */,
				4E77F1FD2CD4B23C0051578D /* NavigatorView.swift in Sources */,
				4EBFFE852CC243D600474B90 /* QuotelyApp.swift in Sources */,
				4EBFFE972CC249F900474B90 /* HTTPError.swift in Sources */,
				4E77F2062CD4B6860051578D /* CategoryGridView.swift in Sources */,
				4E77F2222CD4E4900051578D /* APIKeys.swift in Sources */,
				4E77F2182CD4C0260051578D /* AuthorDetailView.swift in Sources */,
				4E77F21D2CD4DE8B0051578D /* UnsplashImage.swift in Sources */,
				4E77F21B2CD4D8CC0051578D /* InspirationView.swift in Sources */,
				4E77F1FF2CD4B2560051578D /* TabItem.swift in Sources */,
				4EBFFE932CC2496700474B90 /* QuoteDetailView.swift in Sources */,
				4E77F2112CD4BA0F0051578D /* CategoryDetailView.swift in Sources */,
				4E77F2132CD4BBCA0051578D /* Category.swift in Sources */,
			);
			runOnlyForDeploymentPostprocessing = 0;
		};
/* End PBXSourcesBuildPhase section */

/* Begin XCBuildConfiguration section */
		4EBFFE6E2CC243B500474B90 /* Debug */ = {
			isa = XCBuildConfiguration;
			buildSettings = {
				ALWAYS_SEARCH_USER_PATHS = NO;
				ASSETCATALOG_COMPILER_GENERATE_SWIFT_ASSET_SYMBOL_EXTENSIONS = YES;
				CLANG_ANALYZER_NONNULL = YES;
				CLANG_ANALYZER_NUMBER_OBJECT_CONVERSION = YES_AGGRESSIVE;
				CLANG_CXX_LANGUAGE_STANDARD = "gnu++20";
				CLANG_ENABLE_MODULES = YES;
				CLANG_ENABLE_OBJC_ARC = YES;
				CLANG_ENABLE_OBJC_WEAK = YES;
				CLANG_WARN_BLOCK_CAPTURE_AUTORELEASING = YES;
				CLANG_WARN_BOOL_CONVERSION = YES;
				CLANG_WARN_COMMA = YES;
				CLANG_WARN_CONSTANT_CONVERSION = YES;
				CLANG_WARN_DEPRECATED_OBJC_IMPLEMENTATIONS = YES;
				CLANG_WARN_DIRECT_OBJC_ISA_USAGE = YES_ERROR;
				CLANG_WARN_DOCUMENTATION_COMMENTS = YES;
				CLANG_WARN_EMPTY_BODY = YES;
				CLANG_WARN_ENUM_CONVERSION = YES;
				CLANG_WARN_INFINITE_RECURSION = YES;
				CLANG_WARN_INT_CONVERSION = YES;
				CLANG_WARN_NON_LITERAL_NULL_CONVERSION = YES;
				CLANG_WARN_OBJC_IMPLICIT_RETAIN_SELF = YES;
				CLANG_WARN_OBJC_LITERAL_CONVERSION = YES;
				CLANG_WARN_OBJC_ROOT_CLASS = YES_ERROR;
				CLANG_WARN_QUOTED_INCLUDE_IN_FRAMEWORK_HEADER = YES;
				CLANG_WARN_RANGE_LOOP_ANALYSIS = YES;
				CLANG_WARN_STRICT_PROTOTYPES = YES;
				CLANG_WARN_SUSPICIOUS_MOVE = YES;
				CLANG_WARN_UNGUARDED_AVAILABILITY = YES_AGGRESSIVE;
				CLANG_WARN_UNREACHABLE_CODE = YES;
				CLANG_WARN__DUPLICATE_METHOD_MATCH = YES;
				COPY_PHASE_STRIP = NO;
				DEBUG_INFORMATION_FORMAT = dwarf;
				ENABLE_STRICT_OBJC_MSGSEND = YES;
				ENABLE_TESTABILITY = YES;
				ENABLE_USER_SCRIPT_SANDBOXING = YES;
				GCC_C_LANGUAGE_STANDARD = gnu17;
				GCC_DYNAMIC_NO_PIC = NO;
				GCC_NO_COMMON_BLOCKS = YES;
				GCC_OPTIMIZATION_LEVEL = 0;
				GCC_PREPROCESSOR_DEFINITIONS = (
					"DEBUG=1",
					"$(inherited)",
				);
				GCC_WARN_64_TO_32_BIT_CONVERSION = YES;
				GCC_WARN_ABOUT_RETURN_TYPE = YES_ERROR;
				GCC_WARN_UNDECLARED_SELECTOR = YES;
				GCC_WARN_UNINITIALIZED_AUTOS = YES_AGGRESSIVE;
				GCC_WARN_UNUSED_FUNCTION = YES;
				GCC_WARN_UNUSED_VARIABLE = YES;
				IPHONEOS_DEPLOYMENT_TARGET = 18.0;
				LOCALIZATION_PREFERS_STRING_CATALOGS = YES;
				MTL_ENABLE_DEBUG_INFO = INCLUDE_SOURCE;
				MTL_FAST_MATH = YES;
				ONLY_ACTIVE_ARCH = YES;
				SDKROOT = iphoneos;
				SWIFT_ACTIVE_COMPILATION_CONDITIONS = "DEBUG $(inherited)";
				SWIFT_OPTIMIZATION_LEVEL = "-Onone";
			};
			name = Debug;
		};
		4EBFFE6F2CC243B500474B90 /* Release */ = {
			isa = XCBuildConfiguration;
			buildSettings = {
				ALWAYS_SEARCH_USER_PATHS = NO;
				ASSETCATALOG_COMPILER_GENERATE_SWIFT_ASSET_SYMBOL_EXTENSIONS = YES;
				CLANG_ANALYZER_NONNULL = YES;
				CLANG_ANALYZER_NUMBER_OBJECT_CONVERSION = YES_AGGRESSIVE;
				CLANG_CXX_LANGUAGE_STANDARD = "gnu++20";
				CLANG_ENABLE_MODULES = YES;
				CLANG_ENABLE_OBJC_ARC = YES;
				CLANG_ENABLE_OBJC_WEAK = YES;
				CLANG_WARN_BLOCK_CAPTURE_AUTORELEASING = YES;
				CLANG_WARN_BOOL_CONVERSION = YES;
				CLANG_WARN_COMMA = YES;
				CLANG_WARN_CONSTANT_CONVERSION = YES;
				CLANG_WARN_DEPRECATED_OBJC_IMPLEMENTATIONS = YES;
				CLANG_WARN_DIRECT_OBJC_ISA_USAGE = YES_ERROR;
				CLANG_WARN_DOCUMENTATION_COMMENTS = YES;
				CLANG_WARN_EMPTY_BODY = YES;
				CLANG_WARN_ENUM_CONVERSION = YES;
				CLANG_WARN_INFINITE_RECURSION = YES;
				CLANG_WARN_INT_CONVERSION = YES;
				CLANG_WARN_NON_LITERAL_NULL_CONVERSION = YES;
				CLANG_WARN_OBJC_IMPLICIT_RETAIN_SELF = YES;
				CLANG_WARN_OBJC_LITERAL_CONVERSION = YES;
				CLANG_WARN_OBJC_ROOT_CLASS = YES_ERROR;
				CLANG_WARN_QUOTED_INCLUDE_IN_FRAMEWORK_HEADER = YES;
				CLANG_WARN_RANGE_LOOP_ANALYSIS = YES;
				CLANG_WARN_STRICT_PROTOTYPES = YES;
				CLANG_WARN_SUSPICIOUS_MOVE = YES;
				CLANG_WARN_UNGUARDED_AVAILABILITY = YES_AGGRESSIVE;
				CLANG_WARN_UNREACHABLE_CODE = YES;
				CLANG_WARN__DUPLICATE_METHOD_MATCH = YES;
				COPY_PHASE_STRIP = NO;
				DEBUG_INFORMATION_FORMAT = "dwarf-with-dsym";
				ENABLE_NS_ASSERTIONS = NO;
				ENABLE_STRICT_OBJC_MSGSEND = YES;
				ENABLE_USER_SCRIPT_SANDBOXING = YES;
				GCC_C_LANGUAGE_STANDARD = gnu17;
				GCC_NO_COMMON_BLOCKS = YES;
				GCC_WARN_64_TO_32_BIT_CONVERSION = YES;
				GCC_WARN_ABOUT_RETURN_TYPE = YES_ERROR;
				GCC_WARN_UNDECLARED_SELECTOR = YES;
				GCC_WARN_UNINITIALIZED_AUTOS = YES_AGGRESSIVE;
				GCC_WARN_UNUSED_FUNCTION = YES;
				GCC_WARN_UNUSED_VARIABLE = YES;
				IPHONEOS_DEPLOYMENT_TARGET = 18.0;
				LOCALIZATION_PREFERS_STRING_CATALOGS = YES;
				MTL_ENABLE_DEBUG_INFO = NO;
				MTL_FAST_MATH = YES;
				SDKROOT = iphoneos;
				SWIFT_COMPILATION_MODE = wholemodule;
				VALIDATE_PRODUCT = YES;
			};
			name = Release;
		};
		4EBFFE712CC243B500474B90 /* Debug */ = {
			isa = XCBuildConfiguration;
			buildSettings = {
				ASSETCATALOG_COMPILER_APPICON_NAME = AppIcon;
				ASSETCATALOG_COMPILER_GLOBAL_ACCENT_COLOR_NAME = AccentColor;
				CODE_SIGN_STYLE = Automatic;
				CURRENT_PROJECT_VERSION = 1;
				DEVELOPMENT_ASSET_PATHS = "\"Quotely/Preview Content\"";
				ENABLE_PREVIEWS = YES;
				GENERATE_INFOPLIST_FILE = YES;
				INFOPLIST_FILE = Quotely/Info.plist;
				INFOPLIST_KEY_UIApplicationSceneManifest_Generation = YES;
				INFOPLIST_KEY_UIApplicationSupportsIndirectInputEvents = YES;
				INFOPLIST_KEY_UILaunchScreen_Generation = YES;
				INFOPLIST_KEY_UISupportedInterfaceOrientations = UIInterfaceOrientationPortrait;
				INFOPLIST_KEY_UISupportedInterfaceOrientations_iPad = "UIInterfaceOrientationLandscapeLeft UIInterfaceOrientationLandscapeRight UIInterfaceOrientationPortrait UIInterfaceOrientationPortraitUpsideDown";
				IPHONEOS_DEPLOYMENT_TARGET = 18.0;
				LD_RUNPATH_SEARCH_PATHS = (
					"$(inherited)",
					"@executable_path/Frameworks",
				);
				MARKETING_VERSION = 1.0;
				PRODUCT_BUNDLE_IDENTIFIER = com.syntax.Quotely;
				PRODUCT_NAME = "$(TARGET_NAME)";
				SUPPORTED_PLATFORMS = "iphoneos iphonesimulator";
				SUPPORTS_MACCATALYST = NO;
				SUPPORTS_MAC_DESIGNED_FOR_IPHONE_IPAD = NO;
				SUPPORTS_XR_DESIGNED_FOR_IPHONE_IPAD = NO;
				SWIFT_EMIT_LOC_STRINGS = YES;
				SWIFT_VERSION = 5.0;
				TARGETED_DEVICE_FAMILY = "1,2";
			};
			name = Debug;
		};
		4EBFFE722CC243B500474B90 /* Release */ = {
			isa = XCBuildConfiguration;
			buildSettings = {
				ASSETCATALOG_COMPILER_APPICON_NAME = AppIcon;
				ASSETCATALOG_COMPILER_GLOBAL_ACCENT_COLOR_NAME = AccentColor;
				CODE_SIGN_STYLE = Automatic;
				CURRENT_PROJECT_VERSION = 1;
				DEVELOPMENT_ASSET_PATHS = "\"Quotely/Preview Content\"";
				ENABLE_PREVIEWS = YES;
				GENERATE_INFOPLIST_FILE = YES;
				INFOPLIST_FILE = Quotely/Info.plist;
				INFOPLIST_KEY_UIApplicationSceneManifest_Generation = YES;
				INFOPLIST_KEY_UIApplicationSupportsIndirectInputEvents = YES;
				INFOPLIST_KEY_UILaunchScreen_Generation = YES;
				INFOPLIST_KEY_UISupportedInterfaceOrientations = UIInterfaceOrientationPortrait;
				INFOPLIST_KEY_UISupportedInterfaceOrientations_iPad = "UIInterfaceOrientationLandscapeLeft UIInterfaceOrientationLandscapeRight UIInterfaceOrientationPortrait UIInterfaceOrientationPortraitUpsideDown";
				IPHONEOS_DEPLOYMENT_TARGET = 18.0;
				LD_RUNPATH_SEARCH_PATHS = (
					"$(inherited)",
					"@executable_path/Frameworks",
				);
				MARKETING_VERSION = 1.0;
				PRODUCT_BUNDLE_IDENTIFIER = com.syntax.Quotely;
				PRODUCT_NAME = "$(TARGET_NAME)";
				SUPPORTED_PLATFORMS = "iphoneos iphonesimulator";
				SUPPORTS_MACCATALYST = NO;
				SUPPORTS_MAC_DESIGNED_FOR_IPHONE_IPAD = NO;
				SUPPORTS_XR_DESIGNED_FOR_IPHONE_IPAD = NO;
				SWIFT_EMIT_LOC_STRINGS = YES;
				SWIFT_VERSION = 5.0;
				TARGETED_DEVICE_FAMILY = "1,2";
			};
			name = Release;
		};
/* End XCBuildConfiguration section */

/* Begin XCConfigurationList section */
		4EBFFE5D2CC243B400474B90 /* Build configuration list for PBXProject "Quotely" */ = {
			isa = XCConfigurationList;
			buildConfigurations = (
				4EBFFE6E2CC243B500474B90 /* Debug */,
				4EBFFE6F2CC243B500474B90 /* Release */,
			);
			defaultConfigurationIsVisible = 0;
			defaultConfigurationName = Release;
		};
		4EBFFE702CC243B500474B90 /* Build configuration list for PBXNativeTarget "Quotely" */ = {
			isa = XCConfigurationList;
			buildConfigurations = (
				4EBFFE712CC243B500474B90 /* Debug */,
				4EBFFE722CC243B500474B90 /* Release */,
			);
			defaultConfigurationIsVisible = 0;
			defaultConfigurationName = Release;
		};
/* End XCConfigurationList section */
	};
	rootObject = 4EBFFE5A2CC243B400474B90 /* Project object */;
}
